
Microsoft Visual Studio Solution File, Format Version 12.00
# Visual Studio Version 17
VisualStudioVersion = 17.14.36327.8 d17.14
MinimumVisualStudioVersion = 10.0.40219.1
Project("{FAE04EC0-301F-11D3-BF4B-00C04F79EFBC}") = "AuthWebAPIDemo", "AuthWebAPIDemo\AuthWebAPIDemo.csproj", "{30D0C8A8-F862-410C-BB0C-A823F3CC5297}"
EndProject
Global
	GlobalSection(SolutionConfigurationPlatforms) = preSolution
		Debug|Any CPU = Debug|Any CPU
		Release|Any CPU = Release|Any CPU
	EndGlobalSection
	GlobalSection(ProjectConfigurationPlatforms) = postSolution
		{30D0C8A8-F862-410C-BB0C-A823F3CC5297}.Debug|Any CPU.ActiveCfg = Debug|Any CPU
		{30D0C8A8-F862-410C-BB0C-A823F3CC5297}.Debug|Any CPU.Build.0 = Debug|Any CPU
		{30D0C8A8-F862-410C-BB0C-A823F3CC5297}.Release|Any CPU.ActiveCfg = Release|Any CPU
		{30D0C8A8-F862-410C-BB0C-A823F3CC5297}.Release|Any CPU.Build.0 = Release|Any CPU
	EndGlobalSection
	GlobalSection(SolutionProperties) = preSolution
		HideSolutionNode = FALSE
	EndGlobalSection
	GlobalSection(ExtensibilityGlobals) = postSolution
		SolutionGuid = {122FF209-7B7E-4107-9665-88C4D1CD7E72}
	EndGlobalSection
EndGlobal
